
Microsoft Visual Studio Solution File, Format Version 12.00
# Visual Studio Version 16
VisualStudioVersion = 16.0.30320.27
MinimumVisualStudioVersion = 10.0.40219.1
Project("{FAE04EC0-301F-11D3-BF4B-00C04F79EFBC}") = "SearchAndWatch", "SearchAndWatch.csproj", "{07D609D9-C5CA-4313-9713-8173B1BD520F}"
EndProject
Global
	GlobalSection(SolutionConfigurationPlatforms) = preSolution
		Debug|Any CPU = Debug|Any CPU
		Release|Any CPU = Release|Any CPU
	EndGlobalSection
	GlobalSection(ProjectConfigurationPlatforms) = postSolution
		{07D609D9-C5CA-4313-9713-8173B1BD520F}.Debug|Any CPU.ActiveCfg = Debug|Any CPU
		{07D609D9-C5CA-4313-9713-8173B1BD520F}.Debug|Any CPU.Build.0 = Debug|Any CPU
		{07D609D9-C5CA-4313-9713-8173B1BD520F}.Release|Any CPU.ActiveCfg = Release|Any CPU
		{07D609D9-C5CA-4313-9713-8173B1BD520F}.Release|Any CPU.Build.0 = Release|Any CPU
	EndGlobalSection
	GlobalSection(SolutionProperties) = preSolution
		HideSolutionNode = FALSE
	EndGlobalSection
	GlobalSection(ExtensibilityGlobals) = postSolution
		SolutionGuid = {21AD7216-1F04-4D40-941E-55B7372AFB7A}
	EndGlobalSection
EndGlobal
